
Microsoft Visual Studio Solution File, Format Version 12.00
# Visual Studio 15
VisualStudioVersion = 15.0.27004.2009
MinimumVisualStudioVersion = 10.0.40219.1
Project("{FAE04EC0-301F-11D3-BF4B-00C04F79EFBC}") = "NMB.Booking.Models", "NMB.Booking.Models\NMB.Booking.Models.csproj", "{73EABB26-0415-417B-9C67-EBD6F9F04293}"
EndProject
Project("{FAE04EC0-301F-11D3-BF4B-00C04F79EFBC}") = "NMB.Booking.Service", "NMB.Booking.Service\NMB.Booking.Service.csproj", "{F1849C77-B3FB-417D-B09E-845D710555C5}"
EndProject
Project("{FAE04EC0-301F-11D3-BF4B-00C04F79EFBC}") = "NMB.Booking.Controllers", "NMB.Booking.Controllers\NMB.Booking.Controllers.csproj", "{A7D5CBC1-2D29-43A2-A1EB-0E89BEE1E46E}"
	ProjectSection(ProjectDependencies) = postProject
		{F1849C77-B3FB-417D-B09E-845D710555C5} = {F1849C77-B3FB-417D-B09E-845D710555C5}
	EndProjectSection
EndProject
Project("{FAE04EC0-301F-11D3-BF4B-00C04F79EFBC}") = "NMB.Booking.Test", "NMB.Booking.Test\NMB.Booking.Test.csproj", "{2D1374E5-4B64-4F6A-ACD1-A333866596B7}"
	ProjectSection(ProjectDependencies) = postProject
		{F1849C77-B3FB-417D-B09E-845D710555C5} = {F1849C77-B3FB-417D-B09E-845D710555C5}
	EndProjectSection
EndProject
Global
	GlobalSection(SolutionConfigurationPlatforms) = preSolution
		Debug|Any CPU = Debug|Any CPU
		Release|Any CPU = Release|Any CPU
	EndGlobalSection
	GlobalSection(ProjectConfigurationPlatforms) = postSolution
		{73EABB26-0415-417B-9C67-EBD6F9F04293}.Debug|Any CPU.ActiveCfg = Debug|Any CPU
		{73EABB26-0415-417B-9C67-EBD6F9F04293}.Debug|Any CPU.Build.0 = Debug|Any CPU
		{73EABB26-0415-417B-9C67-EBD6F9F04293}.Release|Any CPU.ActiveCfg = Release|Any CPU
		{73EABB26-0415-417B-9C67-EBD6F9F04293}.Release|Any CPU.Build.0 = Release|Any CPU
		{F1849C77-B3FB-417D-B09E-845D710555C5}.Debug|Any CPU.ActiveCfg = Debug|Any CPU
		{F1849C77-B3FB-417D-B09E-845D710555C5}.Debug|Any CPU.Build.0 = Debug|Any CPU
		{F1849C77-B3FB-417D-B09E-845D710555C5}.Release|Any CPU.ActiveCfg = Release|Any CPU
		{F1849C77-B3FB-417D-B09E-845D710555C5}.Release|Any CPU.Build.0 = Release|Any CPU
		{A7D5CBC1-2D29-43A2-A1EB-0E89BEE1E46E}.Debug|Any CPU.ActiveCfg = Debug|Any CPU
		{A7D5CBC1-2D29-43A2-A1EB-0E89BEE1E46E}.Debug|Any CPU.Build.0 = Debug|Any CPU
		{A7D5CBC1-2D29-43A2-A1EB-0E89BEE1E46E}.Release|Any CPU.ActiveCfg = Release|Any CPU
		{A7D5CBC1-2D29-43A2-A1EB-0E89BEE1E46E}.Release|Any CPU.Build.0 = Release|Any CPU
		{2D1374E5-4B64-4F6A-ACD1-A333866596B7}.Debug|Any CPU.ActiveCfg = Debug|Any CPU
		{2D1374E5-4B64-4F6A-ACD1-A333866596B7}.Debug|Any CPU.Build.0 = Debug|Any CPU
		{2D1374E5-4B64-4F6A-ACD1-A333866596B7}.Release|Any CPU.ActiveCfg = Release|Any CPU
		{2D1374E5-4B64-4F6A-ACD1-A333866596B7}.Release|Any CPU.Build.0 = Release|Any CPU
	EndGlobalSection
	GlobalSection(SolutionProperties) = preSolution
		HideSolutionNode = FALSE
	EndGlobalSection
	GlobalSection(ExtensibilityGlobals) = postSolution
		SolutionGuid = {59C62CDA-40A8-465E-ABCA-1754FBED9042}
	EndGlobalSection
EndGlobal
